# THIS IS AN AUTOGENERATED FILE. DO NOT EDIT THIS FILE DIRECTLY.
# yarn lockfile v1


"@base-sdk/base@0.1.0-5":
  version "0.1.0-5"
  resolved "https://registry.yarnpkg.com/@base-sdk/base/-/base-0.1.0-5.tgz#3a08c23586e61147075d4b214ecd1f7934cf1292"
  integrity sha512-ZSvYdFXMt0ik9fSyXygH7eRkojPP39njVLiVuo4P3IYwZOKShX4IZoLEbFuBhasir0DVa+niwivxYXjLqBG9cQ==
  dependencies:
    "@base-sdk/build" "0.1.0-3"
    "@base-sdk/core" "0.1.0"
    "@base-sdk/hosting" "0.1.0-1"
    "@base-sdk/resources" "0.1.0"
    "@base-sdk/url" "0.1.0-1"

"@base-sdk/build@0.1.0-3":
  version "0.1.0-3"
  resolved "https://registry.yarnpkg.com/@base-sdk/build/-/build-0.1.0-3.tgz#73363bb2c93361a87dc67abeb1c295faf4abbc0e"
  integrity sha512-1+KdkIsriFT59+uIc8T5xSYupUCLBCX9Da3EAI5RLZsWgKsmKzhLiUgyRPhar3eH+zS12tFfc1NfYDczlmPbjQ==
  dependencies:
    "@base-sdk/core" "0.1.0"
    "@base-sdk/hosting" "0.1.0-1"
    "@base-sdk/url" "0.1.0"
    dart-services "^0.2.3"

"@base-sdk/core@0.1.0":
  version "0.1.0"
  resolved "https://registry.yarnpkg.com/@base-sdk/core/-/core-0.1.0.tgz#865eb7373b77d367dd57dc7660452a889d6bb139"
  integrity sha512-JDSgW8OXIj9bpkCZiSZZ4vlDaN+8bZplvCgpkS5yFKbvYlxAFRsAF6AKTxfLu0bGZIxnwt7ZIgDLoPyz4rPtjg==
  dependencies:
    "@reflect-ui/core" "0.0.2-rc.7"
    axios "^0.21.0"

"@base-sdk/hosting@0.1.0-1":
  version "0.1.0-1"
  resolved "https://registry.yarnpkg.com/@base-sdk/hosting/-/hosting-0.1.0-1.tgz#bf16050cadd1c766f0813bc7bb14344b28e9910d"
  integrity sha512-LX0A17LE0GWt8rozCPIe1cLDlFKojnciAqWeGaib+UvDttTXkxkCksLslch/gcmuzWtfDZtDLbgwNExo9Hvi5w==
  dependencies:
    "@base-sdk/core" "0.1.0"
    form-data "^3.0.0"

"@base-sdk/resources@0.1.0":
  version "0.1.0"
  resolved "https://registry.yarnpkg.com/@base-sdk/resources/-/resources-0.1.0.tgz#ea99550a53caa8e04c0735e16866d8a91001b319"
  integrity sha512-Mi3P+zDd61N4iUTEvsXuHjN6MIJGz2Kzb09mlmYS5RL+vLtGAv12w4dkLFmKwo6JPzmtNss5R4erbSOfjOhyew==
  dependencies:
    "@base-sdk/core" "0.1.0"

"@base-sdk/url@0.1.0":
  version "0.1.0"
  resolved "https://registry.yarnpkg.com/@base-sdk/url/-/url-0.1.0.tgz#893519151a63048cd5e6d795e8e63518ec717a32"
  integrity sha512-L1icnTJSnDKJbxizdwxkEUxGh4G93rPUQSURn2e3WV6dt+VeT7cGX/zTCp5YBgXrWH5stBn6eKvuYLEIo9jrWw==
  dependencies:
    "@base-sdk/core" "0.1.0"

"@base-sdk/url@0.1.0-1":
  version "0.1.0-1"
  resolved "https://registry.yarnpkg.com/@base-sdk/url/-/url-0.1.0-1.tgz#47ac3f50955e8df43c90f0efa3878a31e34cbd7c"
  integrity sha512-39GSoHRiCerEEWtFYH60s4nWP124SEdJjdIarglZmZOsM2VUdEuv3VuOgdh8AK2z0/5jjLBL1n5Fe5n96eE1yg==
  dependencies:
    "@base-sdk/core" "0.1.0"

"@reflect-ui/core@0.0.2-rc.7":
  version "0.0.2-rc.7"
  resolved "https://registry.yarnpkg.com/@reflect-ui/core/-/core-0.0.2-rc.7.tgz#9d531f5a0b9caab31e7563020044b753700e2bbc"
  integrity sha512-EqF4SRU57bfa5DOPET1rv5lROFyMVHLv1xTEIlN6N2gDpXt71QceImWfQp3z3Khqnb4R/p9OhNK6DXGUpozWKw==

"@reflect-ui/namings@0.0.3":
  version "0.0.3"
  resolved "https://registry.yarnpkg.com/@reflect-ui/namings/-/namings-0.0.3.tgz#6e9fd4809dd5c9d2a996516236c71b99ea93fbcb"
  integrity sha512-rNNW9nK8qhz+54pOL11MRUTjRhRHTL/rbM5kvtddDY2g7t/1XxGl7d3tLs/0LEoy2LFPtNf/fFZYEgQD/jyoFA==

"@types/node@^15.12.4":
  version "15.12.4"
  resolved "https://registry.yarnpkg.com/@types/node/-/node-15.12.4.tgz#e1cf817d70a1e118e81922c4ff6683ce9d422e26"
  integrity sha512-zrNj1+yqYF4WskCMOHwN+w9iuD12+dGm0rQ35HLl9/Ouuq52cEtd0CH9qMgrdNmi5ejC1/V7vKEXYubB+65DkA==

asynckit@^0.4.0:
  version "0.4.0"
  resolved "https://registry.yarnpkg.com/asynckit/-/asynckit-0.4.0.tgz#c79ed97f7f34cb8f2ba1bc9790bcc366474b4b79"
  integrity sha1-x57Zf380y48robyXkLzDZkdLS3k=

axios@^0.21.0:
  version "0.21.1"
  resolved "https://registry.yarnpkg.com/axios/-/axios-0.21.1.tgz#22563481962f4d6bde9a76d516ef0e5d3c09b2b8"
  integrity sha512-dKQiRHxGD9PPRIUNIWvZhPTPpl1rf/OxTYKsqKUDjBwYylTvV7SjSHJb9ratfyzM6wCdLCOYLzs73qpg5c4iGA==
  dependencies:
    follow-redirects "^1.10.0"

combined-stream@^1.0.8:
  version "1.0.8"
  resolved "https://registry.yarnpkg.com/combined-stream/-/combined-stream-1.0.8.tgz#c3d45a8b34fd730631a110a8a2520682b31d5a7f"
  integrity sha512-FQN4MRfuJeHf7cBbBMJFXhKSDq+2kAArBlmRBvcvFE5BB1HZKXtSFASDhdlz9zOYwxh8lDdnvmMOe/+5cdoEdg==
  dependencies:
    delayed-stream "~1.0.0"

dart-services@^0.2.3:
  version "0.2.3"
  resolved "https://registry.yarnpkg.com/dart-services/-/dart-services-0.2.3.tgz#682bff8403c8f9005c3bb15bf5936714d00ac060"
  integrity sha512-mZw/aewCePENcYNGEIyf1kthLsAmJ2CkAx6WBOYFhZwITxAx2Spj9jbKh3DO3wpBSx1aVPp4Y49ekDEtRgJhNQ==
  dependencies:
    axios "^0.21.0"

delayed-stream@~1.0.0:
  version "1.0.0"
  resolved "https://registry.yarnpkg.com/delayed-stream/-/delayed-stream-1.0.0.tgz#df3ae199acadfb7d440aaae0b29e2272b24ec619"
  integrity sha1-3zrhmayt+31ECqrgsp4icrJOxhk=

follow-redirects@^1.10.0:
  version "1.14.1"
  resolved "https://registry.yarnpkg.com/follow-redirects/-/follow-redirects-1.14.1.tgz#d9114ded0a1cfdd334e164e6662ad02bfd91ff43"
  integrity sha512-HWqDgT7ZEkqRzBvc2s64vSZ/hfOceEol3ac/7tKwzuvEyWx3/4UegXh5oBOIotkGsObyk3xznnSRVADBgWSQVg==

form-data@^3.0.0:
  version "3.0.1"
  resolved "https://registry.yarnpkg.com/form-data/-/form-data-3.0.1.tgz#ebd53791b78356a99af9a300d4282c4d5eb9755f"
  integrity sha512-RHkBKtLWUVwd7SqRIvCZMEvAMoGUp0XU+seQiZejj0COz3RI3hWP4sCv3gZWWLjJTd7rGwcsF5eKZGii0r/hbg==
  dependencies:
    asynckit "^0.4.0"
    combined-stream "^1.0.8"
    mime-types "^2.1.12"

mime-db@1.48.0:
  version "1.48.0"
  resolved "https://registry.yarnpkg.com/mime-db/-/mime-db-1.48.0.tgz#e35b31045dd7eada3aaad537ed88a33afbef2d1d"
  integrity sha512-FM3QwxV+TnZYQ2aRqhlKBMHxk10lTbMt3bBkMAp54ddrNeVSfcQYOOKuGuy3Ddrm38I04If834fOUSq1yzslJQ==

mime-types@^2.1.12:
  version "2.1.31"
  resolved "https://registry.yarnpkg.com/mime-types/-/mime-types-2.1.31.tgz#a00d76b74317c61f9c2db2218b8e9f8e9c5c9e6b"
  integrity sha512-XGZnNzm3QvgKxa8dpzyhFTHmpP3l5YNusmne07VUOXxou9CqUqYa/HBy124RqtVh/O2pECas/MOcsDgpilPOPg==
  dependencies:
    mime-db "1.48.0"

typescript@^4.2.4, typescript@^4.3.4:
  version "4.3.4"
  resolved "https://registry.yarnpkg.com/typescript/-/typescript-4.3.4.tgz#3f85b986945bcf31071decdd96cf8bfa65f9dcbc"
  integrity sha512-uauPG7XZn9F/mo+7MrsRjyvbxFpzemRjKEZXS4AK83oP2KKOJPvb+9cO/gmnv8arWZvhnjVOXz7B49m1l0e9Ew==
