# THIS IS AN AUTOGENERATED FILE. DO NOT EDIT THIS FILE DIRECTLY.
# yarn lockfile v1


"@base-sdk/core@0.1.0":
  version "0.1.0"
  resolved "https://registry.yarnpkg.com/@base-sdk/core/-/core-0.1.0.tgz#865eb7373b77d367dd57dc7660452a889d6bb139"
  integrity sha512-JDSgW8OXIj9bpkCZiSZZ4vlDaN+8bZplvCgpkS5yFKbvYlxAFRsAF6AKTxfLu0bGZIxnwt7ZIgDLoPyz4rPtjg==
  dependencies:
    "@reflect-ui/core" "0.0.2-rc.7"
    axios "^0.21.0"

"@base-sdk/hosting@^0.1.2":
  version "0.1.2"
  resolved "https://registry.yarnpkg.com/@base-sdk/hosting/-/hosting-0.1.2.tgz#24c627a309cc2d25e024b38eea00142f3a46585f"
  integrity sha512-PsXv5RGRd4kjLIcqT+b6h4r0ktEdFJ3YuANOGWSr7RdePmT1ZT2WrXzSAK/74N91AJOkaX1ci8j56ZPG0spuxg==
  dependencies:
    "@base-sdk/core" "0.1.0"
    form-data "^3.0.0"

"@cspotcode/source-map-support@^0.8.0":
  version "0.8.1"
  resolved "https://registry.yarnpkg.com/@cspotcode/source-map-support/-/source-map-support-0.8.1.tgz#00629c35a688e05a88b1cda684fb9d5e73f000a1"
  integrity sha512-IchNf6dN4tHoMFIn/7OE8LWZ19Y6q/67Bmf6vnGREv8RSbBVb9LPJxEcnwrcwX6ixSvaiGoomAUvu4YSxXrVgw==
  dependencies:
    "@jridgewell/trace-mapping" "0.3.9"

"@design-sdk/asset-repository@^0.0.43":
  version "0.0.43"
  resolved "https://registry.yarnpkg.com/@design-sdk/asset-repository/-/asset-repository-0.0.43.tgz#7afc704da2b642474980a51be884215a2631780e"
  integrity sha512-m8cj+1rZbCo2aB3Br1B326XsNmkfV9/A8gDU++uFMlBv7iG3mZ6HYeRnWFhxAXPg8SJl4JzYFARsaWuE83vLxQ==
  dependencies:
    "@base-sdk/hosting" "^0.1.2"

"@design-sdk/core-flags-dashdash@^0.0.43":
  version "0.0.43"
  resolved "https://registry.yarnpkg.com/@design-sdk/core-flags-dashdash/-/core-flags-dashdash-0.0.43.tgz#5e501ae2aca86a8f4336d3fc47de07770d666531"
  integrity sha512-eCQc6jggl3NTmM5QphW0yhHldsFNlZXYzH3Vg2SO6Qlv6EN71pjZqBrRRbQJPzLOgk/ITICq7bSor+lR2rSQlg==

"@design-sdk/figma-core@^0.0.43":
  version "0.0.43"
  resolved "https://registry.yarnpkg.com/@design-sdk/figma-core/-/figma-core-0.0.43.tgz#0d19d014daf398ed39046bfd4e7f3d2b78842943"
  integrity sha512-7WQ29f4hUOxu4Mu8ZyqbBI5F4DsRJbIjGIcZAUmn7O9/SRR00upTYrl2hdlEnKdE0ImHTYqfISgxjkoYEQgZaQ==

"@design-sdk/figma-node-conversion@^0.0.43":
  version "0.0.43"
  resolved "https://registry.yarnpkg.com/@design-sdk/figma-node-conversion/-/figma-node-conversion-0.0.43.tgz#fc4ad3e40d5e035cd0e0c278b13b73b4f5d5a1a0"
  integrity sha512-RX1aC1yUKNpQ0m3am88fJ33jnm2CxzgyEgsclLN1ycF863zA265u0Radw25vDEpJjaxaBh0uLiMWo6vwjl9YeQ==
  dependencies:
    "@design-sdk/figma-node" "^0.0.43"
    "@design-sdk/figma-types" "^0.0.43"
    "@design-sdk/figma-utils" "^0.0.43"
    "@design-sdk/flags" "^0.0.43"
    "@reflect-ui/cg" "^0.0.5"
    "@reflect-ui/core" "^0.0.5"
    "@reflect-ui/font-utils" "^0.0.5"

"@design-sdk/figma-node@^0.0.43":
  version "0.0.43"
  resolved "https://registry.yarnpkg.com/@design-sdk/figma-node/-/figma-node-0.0.43.tgz#5d468ae73e2b07a787d4e6447cdde7efb4f2ea43"
  integrity sha512-Wo3jNL4S8NjqbwZZG4eXe2ut/HVM/vPGaEFoEa8MIJyTslwS+sobiU4TW2qDUYNVZW/L7fxYdHO+sBDQOx0TWw==
  dependencies:
    "@design-sdk/figma-core" "^0.0.43"
    "@design-sdk/figma-utils" "^0.0.43"
    "@reflect-ui/font-utils" "^0.0.1"

"@design-sdk/figma-remote-api@^0.0.43":
  version "0.0.43"
  resolved "https://registry.yarnpkg.com/@design-sdk/figma-remote-api/-/figma-remote-api-0.0.43.tgz#abae76d11669dea9e74dc175b72dcaded232beca"
  integrity sha512-P23tmxi749yFl/YQnpepi1PWramXiYDQW4dJ+vWKS7bOdTI/BKCsypdI2oK5nL046QS0M11DgMWDh9BddhuDXw==

"@design-sdk/figma-remote@^0.0.43":
  version "0.0.43"
  resolved "https://registry.yarnpkg.com/@design-sdk/figma-remote/-/figma-remote-0.0.43.tgz#9ff81b3ae185c8bf05ef7003bf6df42742a01dc7"
  integrity sha512-1kSr38k34XHBtLZksiqDDv3OK+jaB/+Lgy/N8QF87RklFlvj7F+lZuN9Nw0JbAJ/uRojED5YpG5gh9wpw6jdFQ==
  dependencies:
    "@design-sdk/asset-repository" "^0.0.43"
    "@design-sdk/figma-node" "^0.0.43"
    "@design-sdk/figma-node-conversion" "^0.0.43"
    "@design-sdk/figma-remote-api" "^0.0.43"
    "@design-sdk/figma-utils" "^0.0.43"

"@design-sdk/figma-types@^0.0.43":
  version "0.0.43"
  resolved "https://registry.yarnpkg.com/@design-sdk/figma-types/-/figma-types-0.0.43.tgz#4b5d80d9a88bbbd2c97f8a96305c4805bc9661d6"
  integrity sha512-v/NBwevEE6suNLtsx0FLxfgv/T1e9ivHxWXd+AEkq9KsgvWc/ods+D5T8rq79kAoRzZN4i1dSV3DYsviltY2rw==

"@design-sdk/figma-utils@^0.0.43":
  version "0.0.43"
  resolved "https://registry.yarnpkg.com/@design-sdk/figma-utils/-/figma-utils-0.0.43.tgz#c847e12a74b96b6f431ab9979e791e8980d2e8da"
  integrity sha512-A+Wu7nGFo1zfhXqVlQ5naAJmZYWh+9GlY0RQ3Cd9fU5Qn/TkKoFHucwOx7Yzw0GvUHNWWIxyLsox6Rkp2T87kQ==

"@design-sdk/flags@^0.0.43":
  version "0.0.43"
  resolved "https://registry.yarnpkg.com/@design-sdk/flags/-/flags-0.0.43.tgz#0333fe84d0753745ed71ceb9feaab95f77b5fadc"
  integrity sha512-/ZNzHvy6/2Xa98AbyV6HZ6OaAUzxYh2pyGpN90RbWPC2q6IGinwC5bLZ/vIUf9p8FMUS5kBUch/ZEiGEbgdNKg==
  dependencies:
    "@design-sdk/core-flags-dashdash" "^0.0.43"

"@jridgewell/resolve-uri@^3.0.3":
  version "3.1.0"
  resolved "https://registry.yarnpkg.com/@jridgewell/resolve-uri/-/resolve-uri-3.1.0.tgz#2203b118c157721addfe69d47b70465463066d78"
  integrity sha512-F2msla3tad+Mfht5cJq7LSXcdudKTWCVYUgw6pLFOOHSTtZlj6SWNYAp+AhuqLmWdBO2X5hPrLcu8cVP8fy28w==

"@jridgewell/sourcemap-codec@^1.4.10":
  version "1.4.14"
  resolved "https://registry.yarnpkg.com/@jridgewell/sourcemap-codec/-/sourcemap-codec-1.4.14.tgz#add4c98d341472a289190b424efbdb096991bb24"
  integrity sha512-XPSJHWmi394fuUuzDnGz1wiKqWfo1yXecHQMRf2l6hztTO+nPru658AyDngaBe7isIxEkRsPR3FZh+s7iVa4Uw==

"@jridgewell/trace-mapping@0.3.9":
  version "0.3.9"
  resolved "https://registry.yarnpkg.com/@jridgewell/trace-mapping/-/trace-mapping-0.3.9.tgz#6534fd5933a53ba7cbf3a17615e273a0d1273ff9"
  integrity sha512-3Belt6tdc8bPgAtbcmdtNJlirVoTmEb5e2gC94PnkwEW9jI6CAHUeoG85tjWP5WquqfavoMtMwiG4P926ZKKuQ==
  dependencies:
    "@jridgewell/resolve-uri" "^3.0.3"
    "@jridgewell/sourcemap-codec" "^1.4.10"

"@reflect-ui/cg@^0.0.5":
  version "0.0.5"
  resolved "https://registry.yarnpkg.com/@reflect-ui/cg/-/cg-0.0.5.tgz#772fc3161926527e21453101c4e13af5debec98d"
  integrity sha512-rqqaumLDgk9dGtPgkYy9h5PLlNv8ZVEz/+ktOcJpJE6v9fAQOSH1Wh5WAehpiZTQtKe944GzrFMsb/g8pTabWg==

"@reflect-ui/core@0.0.2-rc.7":
  version "0.0.2-rc.7"
  resolved "https://registry.yarnpkg.com/@reflect-ui/core/-/core-0.0.2-rc.7.tgz#9d531f5a0b9caab31e7563020044b753700e2bbc"
  integrity sha512-EqF4SRU57bfa5DOPET1rv5lROFyMVHLv1xTEIlN6N2gDpXt71QceImWfQp3z3Khqnb4R/p9OhNK6DXGUpozWKw==

"@reflect-ui/core@^0.0.5":
  version "0.0.5"
  resolved "https://registry.yarnpkg.com/@reflect-ui/core/-/core-0.0.5.tgz#f50ae00e64300c4b698ab5c5374c6ac3bb5de873"
  integrity sha512-lA6AYHCF8aSyOvGXbJZcmlB5ccxCaznhxvD8Hg1UjVdhcbLhMWDbzoYqbrkqh+R4im3KnYw5n6pWSSdoWioYhA==
  dependencies:
    "@reflect-ui/uiutils" "^0.1.2-1"

"@reflect-ui/font-utils@^0.0.1":
  version "0.0.1"
  resolved "https://registry.yarnpkg.com/@reflect-ui/font-utils/-/font-utils-0.0.1.tgz#fc22d21d90dc896dec96fcacaf8d584a30fb0642"
  integrity sha512-WglAO5z4E4upRx7kG3sn2uxG6jf0Ce3rc0WWZfYY9eyHrkm29dPc80JwHzxEAwbCjTr4iayF+ggNgbcGLAE2Tw==

"@reflect-ui/font-utils@^0.0.5":
  version "0.0.5"
  resolved "https://registry.yarnpkg.com/@reflect-ui/font-utils/-/font-utils-0.0.5.tgz#288bb2d41e0cb5d2f054b2104ff842d35f0bb223"
  integrity sha512-juO3SlP/J7xzpxz09kS0remIvcSIR0MrcnSflKV74WQBmR2XSeKVh6JjQrJ+5bmt+jTUlvpovKHyaWLX2luHPA==

"@reflect-ui/uiutils@^0.1.2-1":
  version "0.1.2-2"
  resolved "https://registry.yarnpkg.com/@reflect-ui/uiutils/-/uiutils-0.1.2-2.tgz#56b80dd920be63d424cbb0478223e50acb95a50d"
  integrity sha512-PGmoG2zP34P8+JeXawY4kogmaGeP0kaWnHsOxxbl+p2v1TeD8ORR9VW9boNn0knldJb9+63W6v5lpB1N4icwnA==

"@tsconfig/node10@^1.0.7":
  version "1.0.9"
  resolved "https://registry.yarnpkg.com/@tsconfig/node10/-/node10-1.0.9.tgz#df4907fc07a886922637b15e02d4cebc4c0021b2"
  integrity sha512-jNsYVVxU8v5g43Erja32laIDHXeoNvFEpX33OK4d6hljo3jDhCBDhx5dhCCTMWUojscpAagGiRkBKxpdl9fxqA==

"@tsconfig/node12@^1.0.7":
  version "1.0.11"
  resolved "https://registry.yarnpkg.com/@tsconfig/node12/-/node12-1.0.11.tgz#ee3def1f27d9ed66dac6e46a295cffb0152e058d"
  integrity sha512-cqefuRsh12pWyGsIoBKJA9luFu3mRxCA+ORZvA4ktLSzIuCUtWVxGIuXigEwO5/ywWFMZ2QEGKWvkZG1zDMTag==

"@tsconfig/node14@^1.0.0":
  version "1.0.3"
  resolved "https://registry.yarnpkg.com/@tsconfig/node14/-/node14-1.0.3.tgz#e4386316284f00b98435bf40f72f75a09dabf6c1"
  integrity sha512-ysT8mhdixWK6Hw3i1V2AeRqZ5WfXg1G43mqoYlM2nc6388Fq5jcXyr5mRsqViLx/GJYdoL0bfXD8nmF+Zn/Iow==

"@tsconfig/node16@^1.0.2":
  version "1.0.3"
  resolved "https://registry.yarnpkg.com/@tsconfig/node16/-/node16-1.0.3.tgz#472eaab5f15c1ffdd7f8628bd4c4f753995ec79e"
  integrity sha512-yOlFc+7UtL/89t2ZhjPvvB/DeAr3r+Dq58IgzsFkOAvVC6NMJXmCGjbptdXdR9qsX7pKcTL+s87FtYREi2dEEQ==

"@types/node@^18.13.0":
  version "18.13.0"
  resolved "https://registry.yarnpkg.com/@types/node/-/node-18.13.0.tgz#0400d1e6ce87e9d3032c19eb6c58205b0d3f7850"
  integrity sha512-gC3TazRzGoOnoKAhUx+Q0t8S9Tzs74z7m0ipwGpSqQrleP14hKxP4/JUeEQcD3W1/aIpnWl8pHowI7WokuZpXg==

"@types/yargs-parser@*":
  version "21.0.0"
  resolved "https://registry.yarnpkg.com/@types/yargs-parser/-/yargs-parser-21.0.0.tgz#0c60e537fa790f5f9472ed2776c2b71ec117351b"
  integrity sha512-iO9ZQHkZxHn4mSakYV0vFHAVDyEOIJQrV2uZ06HxEPcx+mt8swXoZHIbaaJ2crJYFfErySgktuTZ3BeLz+XmFA==

"@types/yargs@^17.0.22":
  version "17.0.22"
  resolved "https://registry.yarnpkg.com/@types/yargs/-/yargs-17.0.22.tgz#7dd37697691b5f17d020f3c63e7a45971ff71e9a"
  integrity sha512-pet5WJ9U8yPVRhkwuEIp5ktAeAqRZOq4UdAyWLWzxbtpyXnzbtLdKiXAjJzi/KLmPGS9wk86lUFWZFN6sISo4g==
  dependencies:
    "@types/yargs-parser" "*"

acorn-walk@^8.1.1:
  version "8.2.0"
  resolved "https://registry.yarnpkg.com/acorn-walk/-/acorn-walk-8.2.0.tgz#741210f2e2426454508853a2f44d0ab83b7f69c1"
  integrity sha512-k+iyHEuPgSw6SbuDpGQM+06HQUa04DZ3o+F6CSzXMvvI5KMvnaEqXe+YVe555R9nn6GPt404fos4wcgpw12SDA==

acorn@^8.4.1:
  version "8.8.2"
  resolved "https://registry.yarnpkg.com/acorn/-/acorn-8.8.2.tgz#1b2f25db02af965399b9776b0c2c391276d37c4a"
  integrity sha512-xjIYgE8HBrkpd/sJqOGNspf8uHG+NOHGOw6a/Urj8taM2EXfdNAH2oFcPeIFfsv3+kz/mJrS5VuMqbNLjCa2vw==

ansi-regex@^5.0.1:
  version "5.0.1"
  resolved "https://registry.yarnpkg.com/ansi-regex/-/ansi-regex-5.0.1.tgz#082cb2c89c9fe8659a311a53bd6a4dc5301db304"
  integrity sha512-quJQXlTSUGL2LH9SUXo8VwsY4soanhgo6LNSm84E1LBcE8s3O0wpdiRzyR9z/ZZJMlMWv37qOOb9pdJlMUEKFQ==

ansi-styles@^4.0.0:
  version "4.3.0"
  resolved "https://registry.yarnpkg.com/ansi-styles/-/ansi-styles-4.3.0.tgz#edd803628ae71c04c85ae7a0906edad34b648937"
  integrity sha512-zbB9rCJAT1rbjiVDb2hqKFHNYLxgtk8NURxZ3IZwD3F6NtxbXZQCnnSi1Lkx+IDohdPlFp222wVALIheZJQSEg==
  dependencies:
    color-convert "^2.0.1"

arg@^4.1.0:
  version "4.1.3"
  resolved "https://registry.yarnpkg.com/arg/-/arg-4.1.3.tgz#269fc7ad5b8e42cb63c896d5666017261c144089"
  integrity sha512-58S9QDqG0Xx27YwPSt9fJxivjYl432YCwfDMfZ+71RAqUrZef7LrKQZ3LHLOwCS4FLNBplP533Zx895SeOCHvA==

asynckit@^0.4.0:
  version "0.4.0"
  resolved "https://registry.yarnpkg.com/asynckit/-/asynckit-0.4.0.tgz#c79ed97f7f34cb8f2ba1bc9790bcc366474b4b79"
  integrity sha512-Oei9OH4tRh0YqU3GxhX79dM/mwVgvbZJaSNaRk+bshkj0S5cfHcgYakreBjrHwatXKbz+IoIdYLxrKim2MjW0Q==

axios@^0.21.0:
  version "0.21.4"
  resolved "https://registry.yarnpkg.com/axios/-/axios-0.21.4.tgz#c67b90dc0568e5c1cf2b0b858c43ba28e2eda575"
  integrity sha512-ut5vewkiu8jjGBdqpM44XxjuCjq9LAKeHVmoVfHVzy8eHgxxq8SbAVQNovDA8mVi05kP0Ea/n/UzcSHcTJQfNg==
  dependencies:
    follow-redirects "^1.14.0"

cliui@^8.0.1:
  version "8.0.1"
  resolved "https://registry.yarnpkg.com/cliui/-/cliui-8.0.1.tgz#0c04b075db02cbfe60dc8e6cf2f5486b1a3608aa"
  integrity sha512-BSeNnyus75C4//NQ9gQt1/csTXyo/8Sb+afLAkzAptFuMsod9HFokGNudZpi/oQV73hnVK+sR+5PVRMd+Dr7YQ==
  dependencies:
    string-width "^4.2.0"
    strip-ansi "^6.0.1"
    wrap-ansi "^7.0.0"

color-convert@^2.0.1:
  version "2.0.1"
  resolved "https://registry.yarnpkg.com/color-convert/-/color-convert-2.0.1.tgz#72d3a68d598c9bdb3af2ad1e84f21d896abd4de3"
  integrity sha512-RRECPsj7iu/xb5oKYcsFHSppFNnsj/52OVTRKb4zP5onXwVF3zVmmToNcOfGC+CRDpfK/U584fMg38ZHCaElKQ==
  dependencies:
    color-name "~1.1.4"

color-name@~1.1.4:
  version "1.1.4"
  resolved "https://registry.yarnpkg.com/color-name/-/color-name-1.1.4.tgz#c2a09a87acbde69543de6f63fa3995c826c536a2"
  integrity sha512-dOy+3AuW3a2wNbZHIuMZpTcgjGuLU/uBL/ubcZF9OXbDo8ff4O8yVp5Bf0efS8uEoYo5q4Fx7dY9OgQGXgAsQA==

combined-stream@^1.0.8:
  version "1.0.8"
  resolved "https://registry.yarnpkg.com/combined-stream/-/combined-stream-1.0.8.tgz#c3d45a8b34fd730631a110a8a2520682b31d5a7f"
  integrity sha512-FQN4MRfuJeHf7cBbBMJFXhKSDq+2kAArBlmRBvcvFE5BB1HZKXtSFASDhdlz9zOYwxh8lDdnvmMOe/+5cdoEdg==
  dependencies:
    delayed-stream "~1.0.0"

create-require@^1.1.0:
  version "1.1.1"
  resolved "https://registry.yarnpkg.com/create-require/-/create-require-1.1.1.tgz#c1d7e8f1e5f6cfc9ff65f9cd352d37348756c333"
  integrity sha512-dcKFX3jn0MpIaXjisoRvexIJVEKzaq7z2rZKxf+MSr9TkdmHmsU4m2lcLojrj/FHl8mk5VxMmYA+ftRkP/3oKQ==

delayed-stream@~1.0.0:
  version "1.0.0"
  resolved "https://registry.yarnpkg.com/delayed-stream/-/delayed-stream-1.0.0.tgz#df3ae199acadfb7d440aaae0b29e2272b24ec619"
  integrity sha512-ZySD7Nf91aLB0RxL4KGrKHBXl7Eds1DAmEdcoVawXnLD7SDhpNgtuII2aAkg7a7QS41jxPSZ17p4VdGnMHk3MQ==

diff@^4.0.1:
  version "4.0.2"
  resolved "https://registry.yarnpkg.com/diff/-/diff-4.0.2.tgz#60f3aecb89d5fae520c11aa19efc2bb982aade7d"
  integrity sha512-58lmxKSA4BNyLz+HHMUzlOEpg09FV+ev6ZMe3vJihgdxzgcwZ8VoEEPmALCZG9LmqfVoNMMKpttIYTVG6uDY7A==

dotenv@^16.0.3:
  version "16.0.3"
  resolved "https://registry.yarnpkg.com/dotenv/-/dotenv-16.0.3.tgz#115aec42bac5053db3c456db30cc243a5a836a07"
  integrity sha512-7GO6HghkA5fYG9TYnNxi14/7K9f5occMlp3zXAuSxn7CKCxt9xbNWG7yF8hTCSUchlfWSe3uLmlPfigevRItzQ==

emoji-regex@^8.0.0:
  version "8.0.0"
  resolved "https://registry.yarnpkg.com/emoji-regex/-/emoji-regex-8.0.0.tgz#e818fd69ce5ccfcb404594f842963bf53164cc37"
  integrity sha512-MSjYzcWNOA0ewAHpz0MxpYFvwg6yjy1NG3xteoqz644VCo/RPgnr1/GGt+ic3iJTzQ8Eu3TdM14SawnVUmGE6A==

escalade@^3.1.1:
  version "3.1.1"
  resolved "https://registry.yarnpkg.com/escalade/-/escalade-3.1.1.tgz#d8cfdc7000965c5a0174b4a82eaa5c0552742e40"
  integrity sha512-k0er2gUkLf8O0zKJiAhmkTnJlTvINGv7ygDNPbeIsX/TJjGJZHuh9B2UxbsaEkmlEo9MfhrSzmhIlhRlI2GXnw==

follow-redirects@^1.14.0:
  version "1.15.2"
  resolved "https://registry.yarnpkg.com/follow-redirects/-/follow-redirects-1.15.2.tgz#b460864144ba63f2681096f274c4e57026da2c13"
  integrity sha512-VQLG33o04KaQ8uYi2tVNbdrWp1QWxNNea+nmIB4EVM28v0hmP17z7aG1+wAkNzVq4KeXTq3221ye5qTJP91JwA==

form-data@^3.0.0:
  version "3.0.1"
  resolved "https://registry.yarnpkg.com/form-data/-/form-data-3.0.1.tgz#ebd53791b78356a99af9a300d4282c4d5eb9755f"
  integrity sha512-RHkBKtLWUVwd7SqRIvCZMEvAMoGUp0XU+seQiZejj0COz3RI3hWP4sCv3gZWWLjJTd7rGwcsF5eKZGii0r/hbg==
  dependencies:
    asynckit "^0.4.0"
    combined-stream "^1.0.8"
    mime-types "^2.1.12"

get-caller-file@^2.0.5:
  version "2.0.5"
  resolved "https://registry.yarnpkg.com/get-caller-file/-/get-caller-file-2.0.5.tgz#4f94412a82db32f36e3b0b9741f8a97feb031f7e"
  integrity sha512-DyFP3BM/3YHTQOCUL/w0OZHR0lpKeGrxotcHWcqNEdnltqFwXVfhEBQ94eIo34AfQpo0rGki4cyIiftY06h2Fg==

is-fullwidth-code-point@^3.0.0:
  version "3.0.0"
  resolved "https://registry.yarnpkg.com/is-fullwidth-code-point/-/is-fullwidth-code-point-3.0.0.tgz#f116f8064fe90b3f7844a38997c0b75051269f1d"
  integrity sha512-zymm5+u+sCsSWyD9qNaejV3DFvhCKclKdizYaJUuHA83RLjb7nSuGnddCHGv0hk+KY7BMAlsWeK4Ueg6EV6XQg==

make-error@^1.1.1:
  version "1.3.6"
  resolved "https://registry.yarnpkg.com/make-error/-/make-error-1.3.6.tgz#2eb2e37ea9b67c4891f684a1394799af484cf7a2"
  integrity sha512-s8UhlNe7vPKomQhC1qFelMokr/Sc3AgNbso3n74mVPA5LTZwkB9NlXf4XPamLxJE8h0gh73rM94xvwRT2CVInw==

mime-db@1.52.0:
  version "1.52.0"
  resolved "https://registry.yarnpkg.com/mime-db/-/mime-db-1.52.0.tgz#bbabcdc02859f4987301c856e3387ce5ec43bf70"
  integrity sha512-sPU4uV7dYlvtWJxwwxHD0PuihVNiE7TyAbQ5SWxDCB9mUYvOgroQOwYQQOKPJ8CIbE+1ETVlOoK1UC2nU3gYvg==

mime-types@^2.1.12:
  version "2.1.35"
  resolved "https://registry.yarnpkg.com/mime-types/-/mime-types-2.1.35.tgz#381a871b62a734450660ae3deee44813f70d959a"
  integrity sha512-ZDY+bPm5zTTF+YpCrAU9nK0UgICYPT0QtT1NZWFv4s++TNkcgVaT0g6+4R2uI4MjQjzysHB1zxuWL50hzaeXiw==
  dependencies:
    mime-db "1.52.0"

require-directory@^2.1.1:
  version "2.1.1"
  resolved "https://registry.yarnpkg.com/require-directory/-/require-directory-2.1.1.tgz#8c64ad5fd30dab1c976e2344ffe7f792a6a6df42"
  integrity sha512-fGxEI7+wsG9xrvdjsrlmL22OMTTiHRwAMroiEeMgq8gzoLC/PQr7RsRDSTLUg/bZAZtF+TVIkHc6/4RIKrui+Q==

string-width@^4.1.0, string-width@^4.2.0, string-width@^4.2.3:
  version "4.2.3"
  resolved "https://registry.yarnpkg.com/string-width/-/string-width-4.2.3.tgz#269c7117d27b05ad2e536830a8ec895ef9c6d010"
  integrity sha512-wKyQRQpjJ0sIp62ErSZdGsjMJWsap5oRNihHhu6G7JVO/9jIB6UyevL+tXuOqrng8j/cxKTWyWUwvSTriiZz/g==
  dependencies:
    emoji-regex "^8.0.0"
    is-fullwidth-code-point "^3.0.0"
    strip-ansi "^6.0.1"

strip-ansi@^6.0.0, strip-ansi@^6.0.1:
  version "6.0.1"
  resolved "https://registry.yarnpkg.com/strip-ansi/-/strip-ansi-6.0.1.tgz#9e26c63d30f53443e9489495b2105d37b67a85d9"
  integrity sha512-Y38VPSHcqkFrCpFnQ9vuSXmquuv5oXOKpGeT6aGrr3o3Gc9AlVa6JBfUSOCnbxGGZF+/0ooI7KrPuUSztUdU5A==
  dependencies:
    ansi-regex "^5.0.1"

ts-node@^10.9.1:
  version "10.9.1"
  resolved "https://registry.yarnpkg.com/ts-node/-/ts-node-10.9.1.tgz#e73de9102958af9e1f0b168a6ff320e25adcff4b"
  integrity sha512-NtVysVPkxxrwFGUUxGYhfux8k78pQB3JqYBXlLRZgdGUqTO5wU/UyHop5p70iEbGhB7q5KmiZiU0Y3KlJrScEw==
  dependencies:
    "@cspotcode/source-map-support" "^0.8.0"
    "@tsconfig/node10" "^1.0.7"
    "@tsconfig/node12" "^1.0.7"
    "@tsconfig/node14" "^1.0.0"
    "@tsconfig/node16" "^1.0.2"
    acorn "^8.4.1"
    acorn-walk "^8.1.1"
    arg "^4.1.0"
    create-require "^1.1.0"
    diff "^4.0.1"
    make-error "^1.1.1"
    v8-compile-cache-lib "^3.0.1"
    yn "3.1.1"

typescript@^4.9.5:
  version "4.9.5"
  resolved "https://registry.yarnpkg.com/typescript/-/typescript-4.9.5.tgz#095979f9bcc0d09da324d58d03ce8f8374cbe65a"
  integrity sha512-1FXk9E2Hm+QzZQ7z+McJiHL4NW1F2EzMu9Nq9i3zAaGqibafqYwCVU6WyWAuyQRRzOlxou8xZSyXLEN8oKj24g==

v8-compile-cache-lib@^3.0.1:
  version "3.0.1"
  resolved "https://registry.yarnpkg.com/v8-compile-cache-lib/-/v8-compile-cache-lib-3.0.1.tgz#6336e8d71965cb3d35a1bbb7868445a7c05264bf"
  integrity sha512-wa7YjyUGfNZngI/vtK0UHAN+lgDCxBPCylVXGp0zu59Fz5aiGtNXaq3DhIov063MorB+VfufLh3JlF2KdTK3xg==

wrap-ansi@^7.0.0:
  version "7.0.0"
  resolved "https://registry.yarnpkg.com/wrap-ansi/-/wrap-ansi-7.0.0.tgz#67e145cff510a6a6984bdf1152911d69d2eb9e43"
  integrity sha512-YVGIj2kamLSTxw6NsZjoBxfSwsn0ycdesmc4p+Q21c5zPuZ1pl+NfxVdxPtdHvmNVOQ6XSYG4AUtyt/Fi7D16Q==
  dependencies:
    ansi-styles "^4.0.0"
    string-width "^4.1.0"
    strip-ansi "^6.0.0"

y18n@^5.0.5:
  version "5.0.8"
  resolved "https://registry.yarnpkg.com/y18n/-/y18n-5.0.8.tgz#7f4934d0f7ca8c56f95314939ddcd2dd91ce1d55"
  integrity sha512-0pfFzegeDWJHJIAmTLRP2DwHjdF5s7jo9tuztdQxAhINCdvS+3nGINqPd00AphqJR/0LhANUS6/+7SCb98YOfA==

yargs-parser@^21.1.1:
  version "21.1.1"
  resolved "https://registry.yarnpkg.com/yargs-parser/-/yargs-parser-21.1.1.tgz#9096bceebf990d21bb31fa9516e0ede294a77d35"
  integrity sha512-tVpsJW7DdjecAiFpbIB1e3qxIQsE6NoPc5/eTdrbbIC4h0LVsWhnoa3g+m2HclBIujHzsxZ4VJVA+GUuc2/LBw==

yargs@^17.6.2:
  version "17.6.2"
  resolved "https://registry.yarnpkg.com/yargs/-/yargs-17.6.2.tgz#2e23f2944e976339a1ee00f18c77fedee8332541"
  integrity sha512-1/9UrdHjDZc0eOU0HxOHoS78C69UD3JRMvzlJ7S79S2nTaWRA/whGCTV8o9e/N/1Va9YIV7Q4sOxD8VV4pCWOw==
  dependencies:
    cliui "^8.0.1"
    escalade "^3.1.1"
    get-caller-file "^2.0.5"
    require-directory "^2.1.1"
    string-width "^4.2.3"
    y18n "^5.0.5"
    yargs-parser "^21.1.1"

yn@3.1.1:
  version "3.1.1"
  resolved "https://registry.yarnpkg.com/yn/-/yn-3.1.1.tgz#1e87401a09d767c1d5eab26a6e4c185182d2eb50"
  integrity sha512-Ux4ygGWsu2c7isFWe8Yu1YluJmqVhxqK2cLXNQA5AcC3QfbGNpM7fu0Y8b/z16pXLnFxZYvWhd3fhBY9DLmC6Q==
